
Microsoft Visual Studio Solution File, Format Version 12.00
# Visual Studio 15
VisualStudioVersion = 15.0.28307.1022
MinimumVisualStudioVersion = 10.0.40219.1
Project("{FAE04EC0-301F-11D3-BF4B-00C04F79EFBC}") = "RocketSight.UI", "WebBrowser.UI\RocketSight.UI.csproj", "{07F8EFEF-E04B-4ED0-AAF9-E990127CA6C8}"
	ProjectSection(ProjectDependencies) = postProject
		{D59A2639-A652-40CD-A34F-E0A1E41C47E1} = {D59A2639-A652-40CD-A34F-E0A1E41C47E1}
	EndProjectSection
EndProject
Project("{FAE04EC0-301F-11D3-BF4B-00C04F79EFBC}") = "RocketSight.Logic", "WebBrowser.logic\RocketSight.Logic.csproj", "{D59A2639-A652-40CD-A34F-E0A1E41C47E1}"
	ProjectSection(ProjectDependencies) = postProject
		{1B5850C0-98C2-4406-9AAC-078CA9AA9C10} = {1B5850C0-98C2-4406-9AAC-078CA9AA9C10}
	EndProjectSection
EndProject
Project("{FAE04EC0-301F-11D3-BF4B-00C04F79EFBC}") = "RocketSight.Data", "WebBrowser.Data\RocketSight.Data.csproj", "{1B5850C0-98C2-4406-9AAC-078CA9AA9C10}"
EndProject
Global
	GlobalSection(SolutionConfigurationPlatforms) = preSolution
		Debug|Any CPU = Debug|Any CPU
		Release|Any CPU = Release|Any CPU
	EndGlobalSection
	GlobalSection(ProjectConfigurationPlatforms) = postSolution
		{07F8EFEF-E04B-4ED0-AAF9-E990127CA6C8}.Debug|Any CPU.ActiveCfg = Debug|Any CPU
		{07F8EFEF-E04B-4ED0-AAF9-E990127CA6C8}.Debug|Any CPU.Build.0 = Debug|Any CPU
		{07F8EFEF-E04B-4ED0-AAF9-E990127CA6C8}.Release|Any CPU.ActiveCfg = Release|Any CPU
		{07F8EFEF-E04B-4ED0-AAF9-E990127CA6C8}.Release|Any CPU.Build.0 = Release|Any CPU
		{D59A2639-A652-40CD-A34F-E0A1E41C47E1}.Debug|Any CPU.ActiveCfg = Debug|Any CPU
		{D59A2639-A652-40CD-A34F-E0A1E41C47E1}.Debug|Any CPU.Build.0 = Debug|Any CPU
		{D59A2639-A652-40CD-A34F-E0A1E41C47E1}.Release|Any CPU.ActiveCfg = Release|Any CPU
		{D59A2639-A652-40CD-A34F-E0A1E41C47E1}.Release|Any CPU.Build.0 = Release|Any CPU
		{1B5850C0-98C2-4406-9AAC-078CA9AA9C10}.Debug|Any CPU.ActiveCfg = Debug|Any CPU
		{1B5850C0-98C2-4406-9AAC-078CA9AA9C10}.Debug|Any CPU.Build.0 = Debug|Any CPU
		{1B5850C0-98C2-4406-9AAC-078CA9AA9C10}.Release|Any CPU.ActiveCfg = Release|Any CPU
		{1B5850C0-98C2-4406-9AAC-078CA9AA9C10}.Release|Any CPU.Build.0 = Release|Any CPU
	EndGlobalSection
	GlobalSection(SolutionProperties) = preSolution
		HideSolutionNode = FALSE
	EndGlobalSection
	GlobalSection(ExtensibilityGlobals) = postSolution
		SolutionGuid = {53F74CA2-8694-40C6-A89F-20F5D4B24252}
	EndGlobalSection
EndGlobal
